github.com/gorilla/mux v1.8.0 h1:i40aqfkR1h2SlN9hojwV5ZA91wcXFOvkdNIeFDP5koI=
github.com/gorilla/mux v1.8.0/go.mod h1:DVbg23sWSpFRCP0SfiEN6jmj59UnW/n46BH5rLB71So=
github.com/jacobkring/go-assert v0.1.0/go.mod h1:/HgC0xuLCSAloqOttfh7MzFZBOzO7Y1SVVLAgIYwAXA=
github.com/jacobkring/go-oas-extract v0.0.0 h1:tNJ8j2kFWUiybko/wlco2vpCmtDRJvxD0KFkTfdlkl0=
github.com/jacobkring/go-oas-extract v0.0.0/go.mod h1:QM4wfGmvN7O8fP39d0ZIG0ztxxP9k7jQiQttY9Htgqs=
github.com/jacobkring/go-oas-extract v0.0.1 h1:BHNvmZvxi9OIVqgubKkIB7OEf/m/RH+0i4mLB7an3I0=
github.com/jacobkring/go-oas-extract v0.0.1/go.mod h1:Ad8MEroar5ZBX+UvTPGET5lqLOBqiEeT8B69HZEArdQ=
